
Microsoft Visual Studio Solution File, Format Version 12.00
# Visual Studio Version 17
VisualStudioVersion = 17.14.36616.10 d17.14
MinimumVisualStudioVersion = 10.0.40219.1
Project("{FAE04EC0-301F-11D3-BF4B-00C04F79EFBC}") = "GrapheneTraceWeb", "GrapheneTraceWeb\GrapheneTraceWeb.csproj", "{63693BEE-C843-417F-8CBD-2D5DE0BF2C93}"
EndProject
Global
	GlobalSection(SolutionConfigurationPlatforms) = preSolution
		Debug|Any CPU = Debug|Any CPU
		Release|Any CPU = Release|Any CPU
	EndGlobalSection
	GlobalSection(ProjectConfigurationPlatforms) = postSolution
		{63693BEE-C843-417F-8CBD-2D5DE0BF2C93}.Debug|Any CPU.ActiveCfg = Debug|Any CPU
		{63693BEE-C843-417F-8CBD-2D5DE0BF2C93}.Debug|Any CPU.Build.0 = Debug|Any CPU
		{63693BEE-C843-417F-8CBD-2D5DE0BF2C93}.Release|Any CPU.ActiveCfg = Release|Any CPU
		{63693BEE-C843-417F-8CBD-2D5DE0BF2C93}.Release|Any CPU.Build.0 = Release|Any CPU
	EndGlobalSection
	GlobalSection(SolutionProperties) = preSolution
		HideSolutionNode = FALSE
	EndGlobalSection
	GlobalSection(ExtensibilityGlobals) = postSolution
		SolutionGuid = {C847388D-0F60-4885-AA97-40F9F1A32445}
	EndGlobalSection
EndGlobal
